{"version":4,"terraform_version":"1.12.3","serial":32,"lineage":"50c14fd1-591e-de93-e459-4b448ce85545","outputs":{},"resources":[{"module":"module.vpc","mode":"managed","type":"aws_vpc","name":"this","provider":"provider[\"registry.opentofu.org/hashicorp/aws\"]","instances":[{"index_key":0,"schema_version":1,"attributes":{"arn":"arn:aws:ec2:us-east-1:097853039682:vpc/vpc-0b6a639cdea0d5af4","assign_generated_ipv6_cidr_block":false,"cidr_block":"10.0.0.0/16","default_network_acl_id":"acl-0dffac4650e88e73c","default_route_table_id":"rtb-0055c40f6c9316bb3","default_security_group_id":"sg-0efdb77df1eae0a37","dhcp_options_id":"dopt-01642f7a1b67fb415","enable_dns_hostnames":true,"enable_dns_support":true,"enable_network_address_usage_metrics":false,"id":"vpc-0b6a639cdea0d5af4","instance_tenancy":"default","ipv4_ipam_pool_id":null,"ipv4_netmask_length":null,"ipv6_association_id":"","ipv6_cidr_block":"","ipv6_cidr_block_network_border_group":"","ipv6_ipam_pool_id":"","ipv6_netmask_length":0,"main_route_table_id":"rtb-0055c40f6c9316bb3","owner_id":"097853039682","tags":{"Environment":"lab","Name":"eks-vpc","Terraform":"true"},"tags_all":{"Environment":"lab","Name":"eks-vpc","Terraform":"true"}},"sensitive_attributes":[],"private":"eyJzY2hlbWFfdmVyc2lvbiI6IjEifQ==","create_before_destroy":true}]}],"check_results":[{"object_kind":"var","config_addr":"module.eks.module.self_managed_node_group.var.platform","status":"unknown","objects":null},{"object_kind":"resource","config_addr":"module.eks.module.self_managed_node_group.module.user_data.null_resource.validate_cluster_service_cidr","status":"unknown","objects":null},{"object_kind":"resource","config_addr":"module.eks.module.eks_managed_node_group.module.user_data.null_resource.validate_cluster_service_cidr","status":"unknown","objects":null}]}
